// !$*UTF8*$!
{
	archiveVersion = 1;
	classes = {
	};
	objectVersion = 56;
	objects = {

/* Begin PBXBuildFile section */
		8C01998A2C35DDBF00966D94 /* Pods_ArtifyAppTests.framework in Frameworks */ = {isa = PBXBuildFile; fileRef = 52726AE281F1EB6CA0F38EA2 /* Pods_ArtifyAppTests.framework */; };
		8C01998B2C35DDBF00966D94 /* Pods_ArtifyAppTests.framework in Embed Frameworks */ = {isa = PBXBuildFile; fileRef = 52726AE281F1EB6CA0F38EA2 /* Pods_ArtifyAppTests.framework */; settings = {ATTRIBUTES = (CodeSignOnCopy, RemoveHeadersOnCopy, ); }; };
		8C01998D2C35DDC400966D94 /* Pods_ArtifyAppUITests.framework in Frameworks */ = {isa = PBXBuildFile; fileRef = 1A420B5C74457BD32AE375B0 /* Pods_ArtifyAppUITests.framework */; };
		8C15EAAA2C3B349F003461D8 /* HistoryViewController.swift in Sources */ = {isa = PBXBuildFile; fileRef = 8C15EAA92C3B349F003461D8 /* HistoryViewController.swift */; };
		8C39AD8E2C3C7C4C007C26C7 /* HistoryCell.swift in Sources */ = {isa = PBXBuildFile; fileRef = 8C39AD8D2C3C7C4C007C26C7 /* HistoryCell.swift */; };
		8C89B07C2C3BF9BB00801545 /* CoreData.xcdatamodeld in Sources */ = {isa = PBXBuildFile; fileRef = 8C89B07A2C3BF9BB00801545 /* CoreData.xcdatamodeld */; };
		8C89B07F2C3BFA2200801545 /* Image+CoreDataClass.swift in Sources */ = {isa = PBXBuildFile; fileRef = 8C89B07D2C3BFA2200801545 /* Image+CoreDataClass.swift */; };
		8C89B0822C3C01A400801545 /* CoreDataManager.swift in Sources */ = {isa = PBXBuildFile; fileRef = 8C89B0812C3C01A400801545 /* CoreDataManager.swift */; };
		8C89B0842C3C066900801545 /* HistoryScreenViewModel.swift in Sources */ = {isa = PBXBuildFile; fileRef = 8C89B0832C3C066900801545 /* HistoryScreenViewModel.swift */; };
		8C9FEABE2C3405100046D492 /* MainTabBarController.swift in Sources */ = {isa = PBXBuildFile; fileRef = 8C9FEABD2C3405100046D492 /* MainTabBarController.swift */; };
		8C9FEAC02C34052A0046D492 /* KeychainHelper.swift in Sources */ = {isa = PBXBuildFile; fileRef = 8C9FEABF2C34052A0046D492 /* KeychainHelper.swift */; };
		8C9FEAC22C3405360046D492 /* KeychainManager.swift in Sources */ = {isa = PBXBuildFile; fileRef = 8C9FEAC12C3405360046D492 /* KeychainManager.swift */; };
		8C9FEAC42C3405410046D492 /* ImageError.swift in Sources */ = {isa = PBXBuildFile; fileRef = 8C9FEAC32C3405410046D492 /* ImageError.swift */; };
		8C9FEAC62C34054B0046D492 /* ImageModel.swift in Sources */ = {isa = PBXBuildFile; fileRef = 8C9FEAC52C34054B0046D492 /* ImageModel.swift */; };
		8C9FEAC82C3405710046D492 /* APIService.swift in Sources */ = {isa = PBXBuildFile; fileRef = 8C9FEAC72C3405710046D492 /* APIService.swift */; };
		8C9FEACA2C34057A0046D492 /* Endpoint.swift in Sources */ = {isa = PBXBuildFile; fileRef = 8C9FEAC92C34057A0046D492 /* Endpoint.swift */; };
		8C9FEACC2C3405850046D492 /* HTTP.swift in Sources */ = {isa = PBXBuildFile; fileRef = 8C9FEACB2C3405850046D492 /* HTTP.swift */; };
		8C9FEACE2C3405900046D492 /* UIViewController+Extensions.swift in Sources */ = {isa = PBXBuildFile; fileRef = 8C9FEACD2C3405900046D492 /* UIViewController+Extensions.swift */; };
		8C9FEAD02C34059A0046D492 /* Constants.swift in Sources */ = {isa = PBXBuildFile; fileRef = 8C9FEACF2C34059A0046D492 /* Constants.swift */; };
		8C9FEAD22C3405A90046D492 /* WelcomeViewController.swift in Sources */ = {isa = PBXBuildFile; fileRef = 8C9FEAD12C3405A90046D492 /* WelcomeViewController.swift */; };
		8C9FEAD42C3405B50046D492 /* GaleryViewController.swift in Sources */ = {isa = PBXBuildFile; fileRef = 8C9FEAD32C3405B50046D492 /* GaleryViewController.swift */; };
		8C9FEAD72C3405C40046D492 /* WebViewer.swift in Sources */ = {isa = PBXBuildFile; fileRef = 8C9FEAD62C3405C40046D492 /* WebViewer.swift */; };
		8C9FEAD92C3405D20046D492 /* HelpUsViewController.swift in Sources */ = {isa = PBXBuildFile; fileRef = 8C9FEAD82C3405D20046D492 /* HelpUsViewController.swift */; };
		8C9FEADB2C3405DA0046D492 /* SubscribeViewController.swift in Sources */ = {isa = PBXBuildFile; fileRef = 8C9FEADA2C3405DA0046D492 /* SubscribeViewController.swift */; };
		8C9FEADD2C3405F70046D492 /* MainScreenViewModel.swift in Sources */ = {isa = PBXBuildFile; fileRef = 8C9FEADC2C3405F70046D492 /* MainScreenViewModel.swift */; };
		8C9FEADF2C3406020046D492 /* PromtView.swift in Sources */ = {isa = PBXBuildFile; fileRef = 8C9FEADE2C3406020046D492 /* PromtView.swift */; };
		8C9FEAE12C34060B0046D492 /* StylesCell.swift in Sources */ = {isa = PBXBuildFile; fileRef = 8C9FEAE02C34060B0046D492 /* StylesCell.swift */; };
		8C9FEAE42C34061E0046D492 /* GeneratedImageViewController.swift in Sources */ = {isa = PBXBuildFile; fileRef = 8C9FEAE32C34061E0046D492 /* GeneratedImageViewController.swift */; };
		8C9FEAE62C3408DE0046D492 /* LoadingViewController.swift in Sources */ = {isa = PBXBuildFile; fileRef = 8C9FEAE52C3408DE0046D492 /* LoadingViewController.swift */; };
		8C9FEAE92C3417680046D492 /* RotatingCirclesActivityView.swift in Sources */ = {isa = PBXBuildFile; fileRef = 8C9FEAE82C3417680046D492 /* RotatingCirclesActivityView.swift */; };
		8C9FEAF72C3569B20046D492 /* DetailScreenViewModel.swift in Sources */ = {isa = PBXBuildFile; fileRef = 8C9FEAF62C3569B20046D492 /* DetailScreenViewModel.swift */; };
		8CC034EB2C33FFE100A580CA /* AppDelegate.swift in Sources */ = {isa = PBXBuildFile; fileRef = 8CC034EA2C33FFE100A580CA /* AppDelegate.swift */; };
		8CC034ED2C33FFE100A580CA /* SceneDelegate.swift in Sources */ = {isa = PBXBuildFile; fileRef = 8CC034EC2C33FFE100A580CA /* SceneDelegate.swift */; };
		8CC034EF2C33FFE100A580CA /* MainViewController.swift in Sources */ = {isa = PBXBuildFile; fileRef = 8CC034EE2C33FFE100A580CA /* MainViewController.swift */; };
		8CC034F42C33FFE400A580CA /* Assets.xcassets in Resources */ = {isa = PBXBuildFile; fileRef = 8CC034F32C33FFE400A580CA /* Assets.xcassets */; };
		8CC034F72C33FFE400A580CA /* Base in Resources */ = {isa = PBXBuildFile; fileRef = 8CC034F62C33FFE400A580CA /* Base */; };
		8CC035022C33FFE500A580CA /* ArtifyAppTests.swift in Sources */ = {isa = PBXBuildFile; fileRef = 8CC035012C33FFE500A580CA /* ArtifyAppTests.swift */; };
		8CC0350C2C33FFE500A580CA /* ArtifyAppUITests.swift in Sources */ = {isa = PBXBuildFile; fileRef = 8CC0350B2C33FFE500A580CA /* ArtifyAppUITests.swift */; };
		8CC0350E2C33FFE500A580CA /* ArtifyAppUITestsLaunchTests.swift in Sources */ = {isa = PBXBuildFile; fileRef = 8CC0350D2C33FFE500A580CA /* ArtifyAppUITestsLaunchTests.swift */; };
		8CCD4B152C35E4DD0003D7C0 /* StylesModel.swift in Sources */ = {isa = PBXBuildFile; fileRef = 8CCD4B142C35E4DD0003D7C0 /* StylesModel.swift */; };
		8CCD4B1B2C35F7590003D7C0 /* PhotoLibraryManager.swift in Sources */ = {isa = PBXBuildFile; fileRef = 8CCD4B1A2C35F7590003D7C0 /* PhotoLibraryManager.swift */; };
		8CCD4B1E2C36AD0F0003D7C0 /* AlertManager.swift in Sources */ = {isa = PBXBuildFile; fileRef = 8CCD4B1D2C36AD0F0003D7C0 /* AlertManager.swift */; };
		AA71CE8AEB0142B6A0546F76 /* Pods_ArtifyApp.framework in Frameworks */ = {isa = PBXBuildFile; fileRef = C38CD96EAD7963E555394E1B /* Pods_ArtifyApp.framework */; };
/* End PBXBuildFile section */

/* Begin PBXContainerItemProxy section */
		8CC034FE2C33FFE500A580CA /* PBXContainerItemProxy */ = {
			isa = PBXContainerItemProxy;
			containerPortal = 8CC034DF2C33FFE100A580CA /* Project object */;
			proxyType = 1;
			remoteGlobalIDString = 8CC034E62C33FFE100A580CA;
			remoteInfo = ArtifyApp;
		};
		8CC035082C33FFE500A580CA /* PBXContainerItemProxy */ = {
			isa = PBXContainerItemProxy;
			containerPortal = 8CC034DF2C33FFE100A580CA /* Project object */;
			proxyType = 1;
			remoteGlobalIDString = 8CC034E62C33FFE100A580CA;
			remoteInfo = ArtifyApp;
		};
/* End PBXContainerItemProxy section */

/* Begin PBXCopyFilesBuildPhase section */
		8C01998C2C35DDBF00966D94 /* Embed Frameworks */ = {
			isa = PBXCopyFilesBuildPhase;
			buildActionMask = 2147483647;
			dstPath = "";
			dstSubfolderSpec = 10;
			files = (
				8C01998B2C35DDBF00966D94 /* Pods_ArtifyAppTests.framework in Embed Frameworks */,
			);
			name = "Embed Frameworks";
			runOnlyForDeploymentPostprocessing = 0;
		};
/* End PBXCopyFilesBuildPhase section */

/* Begin PBXFileReference section */
		1A420B5C74457BD32AE375B0 /* Pods_ArtifyAppUITests.framework */ = {isa = PBXFileReference; explicitFileType = wrapper.framework; includeInIndex = 0; path = Pods_ArtifyAppUITests.framework; sourceTree = BUILT_PRODUCTS_DIR; };
		3B57F42203ACE69455FF9D8A /* Pods-ArtifyAppTests.debug.xcconfig */ = {isa = PBXFileReference; includeInIndex = 1; lastKnownFileType = text.xcconfig; name = "Pods-ArtifyAppTests.debug.xcconfig"; path = "Target Support Files/Pods-ArtifyAppTests/Pods-ArtifyAppTests.debug.xcconfig"; sourceTree = "<group>"; };
		45C6E1EEDDC73E0238EF1677 /* Pods-ArtifyAppUITests.debug.xcconfig */ = {isa = PBXFileReference; includeInIndex = 1; lastKnownFileType = text.xcconfig; name = "Pods-ArtifyAppUITests.debug.xcconfig"; path = "Target Support Files/Pods-ArtifyAppUITests/Pods-ArtifyAppUITests.debug.xcconfig"; sourceTree = "<group>"; };
		52726AE281F1EB6CA0F38EA2 /* Pods_ArtifyAppTests.framework */ = {isa = PBXFileReference; explicitFileType = wrapper.framework; includeInIndex = 0; path = Pods_ArtifyAppTests.framework; sourceTree = BUILT_PRODUCTS_DIR; };
		7E055212ACF5B944354D99DC /* Pods-ArtifyApp.release.xcconfig */ = {isa = PBXFileReference; includeInIndex = 1; lastKnownFileType = text.xcconfig; name = "Pods-ArtifyApp.release.xcconfig"; path = "Target Support Files/Pods-ArtifyApp/Pods-ArtifyApp.release.xcconfig"; sourceTree = "<group>"; };
		8640AFA82F8727BDFD1DD74F /* Pods-ArtifyApp-ArtifyAppUITests.release.xcconfig */ = {isa = PBXFileReference; includeInIndex = 1; lastKnownFileType = text.xcconfig; name = "Pods-ArtifyApp-ArtifyAppUITests.release.xcconfig"; path = "Target Support Files/Pods-ArtifyApp-ArtifyAppUITests/Pods-ArtifyApp-ArtifyAppUITests.release.xcconfig"; sourceTree = "<group>"; };
		8756D8556301D92AFB08B095 /* Pods-ArtifyApp-ArtifyAppUITests.debug.xcconfig */ = {isa = PBXFileReference; includeInIndex = 1; lastKnownFileType = text.xcconfig; name = "Pods-ArtifyApp-ArtifyAppUITests.debug.xcconfig"; path = "Target Support Files/Pods-ArtifyApp-ArtifyAppUITests/Pods-ArtifyApp-ArtifyAppUITests.debug.xcconfig"; sourceTree = "<group>"; };
		8C15EAA92C3B349F003461D8 /* HistoryViewController.swift */ = {isa = PBXFileReference; lastKnownFileType = sourcecode.swift; path = HistoryViewController.swift; sourceTree = "<group>"; };
		8C39AD8D2C3C7C4C007C26C7 /* HistoryCell.swift */ = {isa = PBXFileReference; lastKnownFileType = sourcecode.swift; path = HistoryCell.swift; sourceTree = "<group>"; };
		8C89B07B2C3BF9BB00801545 /* CoreData.xcdatamodel */ = {isa = PBXFileReference; lastKnownFileType = wrapper.xcdatamodel; path = CoreData.xcdatamodel; sourceTree = "<group>"; };
		8C89B07D2C3BFA2200801545 /* Image+CoreDataClass.swift */ = {isa = PBXFileReference; fileEncoding = 4; lastKnownFileType = sourcecode.swift; path = "Image+CoreDataClass.swift"; sourceTree = SOURCE_ROOT; };
		8C89B0812C3C01A400801545 /* CoreDataManager.swift */ = {isa = PBXFileReference; lastKnownFileType = sourcecode.swift; path = CoreDataManager.swift; sourceTree = "<group>"; };
		8C89B0832C3C066900801545 /* HistoryScreenViewModel.swift */ = {isa = PBXFileReference; lastKnownFileType = sourcecode.swift; path = HistoryScreenViewModel.swift; sourceTree = "<group>"; };
		8C9FEABD2C3405100046D492 /* MainTabBarController.swift */ = {isa = PBXFileReference; lastKnownFileType = sourcecode.swift; path = MainTabBarController.swift; sourceTree = "<group>"; };
		8C9FEABF2C34052A0046D492 /* KeychainHelper.swift */ = {isa = PBXFileReference; lastKnownFileType = sourcecode.swift; path = KeychainHelper.swift; sourceTree = "<group>"; };
		8C9FEAC12C3405360046D492 /* KeychainManager.swift */ = {isa = PBXFileReference; lastKnownFileType = sourcecode.swift; path = KeychainManager.swift; sourceTree = "<group>"; };
		8C9FEAC32C3405410046D492 /* ImageError.swift */ = {isa = PBXFileReference; lastKnownFileType = sourcecode.swift; path = ImageError.swift; sourceTree = "<group>"; };
		8C9FEAC52C34054B0046D492 /* ImageModel.swift */ = {isa = PBXFileReference; lastKnownFileType = sourcecode.swift; path = ImageModel.swift; sourceTree = "<group>"; };
		8C9FEAC72C3405710046D492 /* APIService.swift */ = {isa = PBXFileReference; lastKnownFileType = sourcecode.swift; path = APIService.swift; sourceTree = "<group>"; };
		8C9FEAC92C34057A0046D492 /* Endpoint.swift */ = {isa = PBXFileReference; lastKnownFileType = sourcecode.swift; path = Endpoint.swift; sourceTree = "<group>"; };
		8C9FEACB2C3405850046D492 /* HTTP.swift */ = {isa = PBXFileReference; lastKnownFileType = sourcecode.swift; path = HTTP.swift; sourceTree = "<group>"; };
		8C9FEACD2C3405900046D492 /* UIViewController+Extensions.swift */ = {isa = PBXFileReference; lastKnownFileType = sourcecode.swift; path = "UIViewController+Extensions.swift"; sourceTree = "<group>"; };
		8C9FEACF2C34059A0046D492 /* Constants.swift */ = {isa = PBXFileReference; lastKnownFileType = sourcecode.swift; path = Constants.swift; sourceTree = "<group>"; };
		8C9FEAD12C3405A90046D492 /* WelcomeViewController.swift */ = {isa = PBXFileReference; lastKnownFileType = sourcecode.swift; path = WelcomeViewController.swift; sourceTree = "<group>"; };
		8C9FEAD32C3405B50046D492 /* GaleryViewController.swift */ = {isa = PBXFileReference; lastKnownFileType = sourcecode.swift; path = GaleryViewController.swift; sourceTree = "<group>"; };
		8C9FEAD62C3405C40046D492 /* WebViewer.swift */ = {isa = PBXFileReference; lastKnownFileType = sourcecode.swift; path = WebViewer.swift; sourceTree = "<group>"; };
		8C9FEAD82C3405D20046D492 /* HelpUsViewController.swift */ = {isa = PBXFileReference; lastKnownFileType = sourcecode.swift; path = HelpUsViewController.swift; sourceTree = "<group>"; };
		8C9FEADA2C3405DA0046D492 /* SubscribeViewController.swift */ = {isa = PBXFileReference; lastKnownFileType = sourcecode.swift; path = SubscribeViewController.swift; sourceTree = "<group>"; };
		8C9FEADC2C3405F70046D492 /* MainScreenViewModel.swift */ = {isa = PBXFileReference; lastKnownFileType = sourcecode.swift; path = MainScreenViewModel.swift; sourceTree = "<group>"; };
		8C9FEADE2C3406020046D492 /* PromtView.swift */ = {isa = PBXFileReference; lastKnownFileType = sourcecode.swift; path = PromtView.swift; sourceTree = "<group>"; };
		8C9FEAE02C34060B0046D492 /* StylesCell.swift */ = {isa = PBXFileReference; lastKnownFileType = sourcecode.swift; path = StylesCell.swift; sourceTree = "<group>"; };
		8C9FEAE32C34061E0046D492 /* GeneratedImageViewController.swift */ = {isa = PBXFileReference; lastKnownFileType = sourcecode.swift; path = GeneratedImageViewController.swift; sourceTree = "<group>"; };
		8C9FEAE52C3408DE0046D492 /* LoadingViewController.swift */ = {isa = PBXFileReference; lastKnownFileType = sourcecode.swift; path = LoadingViewController.swift; sourceTree = "<group>"; };
		8C9FEAE82C3417680046D492 /* RotatingCirclesActivityView.swift */ = {isa = PBXFileReference; lastKnownFileType = sourcecode.swift; path = RotatingCirclesActivityView.swift; sourceTree = "<group>"; };
		8C9FEAF62C3569B20046D492 /* DetailScreenViewModel.swift */ = {isa = PBXFileReference; lastKnownFileType = sourcecode.swift; path = DetailScreenViewModel.swift; sourceTree = "<group>"; };
		8CC034E72C33FFE100A580CA /* ArtifyApp.app */ = {isa = PBXFileReference; explicitFileType = wrapper.application; includeInIndex = 0; path = ArtifyApp.app; sourceTree = BUILT_PRODUCTS_DIR; };
		8CC034EA2C33FFE100A580CA /* AppDelegate.swift */ = {isa = PBXFileReference; lastKnownFileType = sourcecode.swift; path = AppDelegate.swift; sourceTree = "<group>"; };
		8CC034EC2C33FFE100A580CA /* SceneDelegate.swift */ = {isa = PBXFileReference; lastKnownFileType = sourcecode.swift; path = SceneDelegate.swift; sourceTree = "<group>"; };
		8CC034EE2C33FFE100A580CA /* MainViewController.swift */ = {isa = PBXFileReference; lastKnownFileType = sourcecode.swift; path = MainViewController.swift; sourceTree = "<group>"; };
		8CC034F32C33FFE400A580CA /* Assets.xcassets */ = {isa = PBXFileReference; lastKnownFileType = folder.assetcatalog; path = Assets.xcassets; sourceTree = "<group>"; };
		8CC034F62C33FFE400A580CA /* Base */ = {isa = PBXFileReference; lastKnownFileType = file.storyboard; name = Base; path = Base.lproj/LaunchScreen.storyboard; sourceTree = "<group>"; };
		8CC034F82C33FFE400A580CA /* Info.plist */ = {isa = PBXFileReference; lastKnownFileType = text.plist.xml; path = Info.plist; sourceTree = "<group>"; };
		8CC034FD2C33FFE500A580CA /* ArtifyAppTests.xctest */ = {isa = PBXFileReference; explicitFileType = wrapper.cfbundle; includeInIndex = 0; path = ArtifyAppTests.xctest; sourceTree = BUILT_PRODUCTS_DIR; };
		8CC035012C33FFE500A580CA /* ArtifyAppTests.swift */ = {isa = PBXFileReference; lastKnownFileType = sourcecode.swift; path = ArtifyAppTests.swift; sourceTree = "<group>"; };
		8CC035072C33FFE500A580CA /* ArtifyAppUITests.xctest */ = {isa = PBXFileReference; explicitFileType = wrapper.cfbundle; includeInIndex = 0; path = ArtifyAppUITests.xctest; sourceTree = BUILT_PRODUCTS_DIR; };
		8CC0350B2C33FFE500A580CA /* ArtifyAppUITests.swift */ = {isa = PBXFileReference; lastKnownFileType = sourcecode.swift; path = ArtifyAppUITests.swift; sourceTree = "<group>"; };
		8CC0350D2C33FFE500A580CA /* ArtifyAppUITestsLaunchTests.swift */ = {isa = PBXFileReference; lastKnownFileType = sourcecode.swift; path = ArtifyAppUITestsLaunchTests.swift; sourceTree = "<group>"; };
		8CCD4B142C35E4DD0003D7C0 /* StylesModel.swift */ = {isa = PBXFileReference; lastKnownFileType = sourcecode.swift; path = StylesModel.swift; sourceTree = "<group>"; };
		8CCD4B1A2C35F7590003D7C0 /* PhotoLibraryManager.swift */ = {isa = PBXFileReference; lastKnownFileType = sourcecode.swift; path = PhotoLibraryManager.swift; sourceTree = "<group>"; };
		8CCD4B1D2C36AD0F0003D7C0 /* AlertManager.swift */ = {isa = PBXFileReference; lastKnownFileType = sourcecode.swift; path = AlertManager.swift; sourceTree = "<group>"; };
		9C79085D5579EE79A4890345 /* Pods-ArtifyAppUITests.release.xcconfig */ = {isa = PBXFileReference; includeInIndex = 1; lastKnownFileType = text.xcconfig; name = "Pods-ArtifyAppUITests.release.xcconfig"; path = "Target Support Files/Pods-ArtifyAppUITests/Pods-ArtifyAppUITests.release.xcconfig"; sourceTree = "<group>"; };
		A8D0A53C78666B7DEB923480 /* Pods-ArtifyAppTests.release.xcconfig */ = {isa = PBXFileReference; includeInIndex = 1; lastKnownFileType = text.xcconfig; name = "Pods-ArtifyAppTests.release.xcconfig"; path = "Target Support Files/Pods-ArtifyAppTests/Pods-ArtifyAppTests.release.xcconfig"; sourceTree = "<group>"; };
		BAEE401FDF388FAF5FA670A5 /* Pods-ArtifyApp.debug.xcconfig */ = {isa = PBXFileReference; includeInIndex = 1; lastKnownFileType = text.xcconfig; name = "Pods-ArtifyApp.debug.xcconfig"; path = "Target Support Files/Pods-ArtifyApp/Pods-ArtifyApp.debug.xcconfig"; sourceTree = "<group>"; };
		C38CD96EAD7963E555394E1B /* Pods_ArtifyApp.framework */ = {isa = PBXFileReference; explicitFileType = wrapper.framework; includeInIndex = 0; path = Pods_ArtifyApp.framework; sourceTree = BUILT_PRODUCTS_DIR; };
/* End PBXFileReference section */

/* Begin PBXFrameworksBuildPhase section */
		8CC034E42C33FFE100A580CA /* Frameworks */ = {
			isa = PBXFrameworksBuildPhase;
			buildActionMask = 2147483647;
			files = (
				AA71CE8AEB0142B6A0546F76 /* Pods_ArtifyApp.framework in Frameworks */,
			);
			runOnlyForDeploymentPostprocessing = 0;
		};
		8CC034FA2C33FFE500A580CA /* Frameworks */ = {
			isa = PBXFrameworksBuildPhase;
			buildActionMask = 2147483647;
			files = (
				8C01998A2C35DDBF00966D94 /* Pods_ArtifyAppTests.framework in Frameworks */,
			);
			runOnlyForDeploymentPostprocessing = 0;
		};
		8CC035042C33FFE500A580CA /* Frameworks */ = {
			isa = PBXFrameworksBuildPhase;
			buildActionMask = 2147483647;
			files = (
				8C01998D2C35DDC400966D94 /* Pods_ArtifyAppUITests.framework in Frameworks */,
			);
			runOnlyForDeploymentPostprocessing = 0;
		};
/* End PBXFrameworksBuildPhase section */

/* Begin PBXGroup section */
		8C15EAA82C3B347D003461D8 /* HistoryScreen */ = {
			isa = PBXGroup;
			children = (
				8C15EAA92C3B349F003461D8 /* HistoryViewController.swift */,
				8C89B0832C3C066900801545 /* HistoryScreenViewModel.swift */,
				8C39AD8D2C3C7C4C007C26C7 /* HistoryCell.swift */,
			);
			path = HistoryScreen;
			sourceTree = "<group>";
		};
		8C57A1083E665F30AAA76FFE /* Pods */ = {
			isa = PBXGroup;
			children = (
				BAEE401FDF388FAF5FA670A5 /* Pods-ArtifyApp.debug.xcconfig */,
				7E055212ACF5B944354D99DC /* Pods-ArtifyApp.release.xcconfig */,
				8756D8556301D92AFB08B095 /* Pods-ArtifyApp-ArtifyAppUITests.debug.xcconfig */,
				8640AFA82F8727BDFD1DD74F /* Pods-ArtifyApp-ArtifyAppUITests.release.xcconfig */,
				45C6E1EEDDC73E0238EF1677 /* Pods-ArtifyAppUITests.debug.xcconfig */,
				9C79085D5579EE79A4890345 /* Pods-ArtifyAppUITests.release.xcconfig */,
				3B57F42203ACE69455FF9D8A /* Pods-ArtifyAppTests.debug.xcconfig */,
				A8D0A53C78666B7DEB923480 /* Pods-ArtifyAppTests.release.xcconfig */,
			);
			path = Pods;
			sourceTree = "<group>";
		};
		8C9FEAB72C3402400046D492 /* ApplicationModule */ = {
			isa = PBXGroup;
			children = (
				8C9FEABD2C3405100046D492 /* MainTabBarController.swift */,
				8C9FEAB82C3402660046D492 /* MainScreen */,
				8C15EAA82C3B347D003461D8 /* HistoryScreen */,
			);
			path = ApplicationModule;
			sourceTree = "<group>";
		};
		8C9FEAB82C3402660046D492 /* MainScreen */ = {
			isa = PBXGroup;
			children = (
				8C9FEABB2C3404AC0046D492 /* Views */,
				8C9FEABA2C3404A50046D492 /* ViewModels */,
			);
			path = MainScreen;
			sourceTree = "<group>";
		};
		8C9FEABA2C3404A50046D492 /* ViewModels */ = {
			isa = PBXGroup;
			children = (
				8C9FEADC2C3405F70046D492 /* MainScreenViewModel.swift */,
				8C9FEAF62C3569B20046D492 /* DetailScreenViewModel.swift */,
			);
			path = ViewModels;
			sourceTree = "<group>";
		};
		8C9FEABB2C3404AC0046D492 /* Views */ = {
			isa = PBXGroup;
			children = (
				8C9FEAE72C3416C90046D492 /* LoadingView */,
				8CC034EE2C33FFE100A580CA /* MainViewController.swift */,
				8C9FEADE2C3406020046D492 /* PromtView.swift */,
				8C9FEAE02C34060B0046D492 /* StylesCell.swift */,
				8C9FEAE32C34061E0046D492 /* GeneratedImageViewController.swift */,
			);
			path = Views;
			sourceTree = "<group>";
		};
		8C9FEABC2C3404F00046D492 /* WelcomeModule */ = {
			isa = PBXGroup;
			children = (
				8C9FEAD12C3405A90046D492 /* WelcomeViewController.swift */,
				8C9FEAD32C3405B50046D492 /* GaleryViewController.swift */,
				8C9FEAD62C3405C40046D492 /* WebViewer.swift */,
				8C9FEAD82C3405D20046D492 /* HelpUsViewController.swift */,
				8C9FEADA2C3405DA0046D492 /* SubscribeViewController.swift */,
			);
			path = WelcomeModule;
			sourceTree = "<group>";
		};
		8C9FEAE72C3416C90046D492 /* LoadingView */ = {
			isa = PBXGroup;
			children = (
				8C9FEAE52C3408DE0046D492 /* LoadingViewController.swift */,
				8C9FEAE82C3417680046D492 /* RotatingCirclesActivityView.swift */,
			);
			path = LoadingView;
			sourceTree = "<group>";
		};
		8C9FEAEA2C34298B0046D492 /* CoreDataManager */ = {
			isa = PBXGroup;
			children = (
				8C89B07D2C3BFA2200801545 /* Image+CoreDataClass.swift */,
				8C89B07A2C3BF9BB00801545 /* CoreData.xcdatamodeld */,
				8C89B0812C3C01A400801545 /* CoreDataManager.swift */,
			);
			path = CoreDataManager;
			sourceTree = "<group>";
		};
		8CC034DE2C33FFE100A580CA = {
			isa = PBXGroup;
			children = (
				8CC034E92C33FFE100A580CA /* ArtifyApp */,
				8CC0351A2C33FFFF00A580CA /* Application */,
				8CC0351B2C34000700A580CA /* Assets */,
				8CC0350A2C33FFE500A580CA /* ArtifyAppUITests */,
				8CC035002C33FFE500A580CA /* ArtifyAppTests */,
				8CC034E82C33FFE100A580CA /* Products */,
				A5EC6F98F3D063EAABAC26DB /* Frameworks */,
				8C57A1083E665F30AAA76FFE /* Pods */,
			);
			sourceTree = "<group>";
		};
		8CC034E82C33FFE100A580CA /* Products */ = {
			isa = PBXGroup;
			children = (
				8CC034E72C33FFE100A580CA /* ArtifyApp.app */,
				8CC034FD2C33FFE500A580CA /* ArtifyAppTests.xctest */,
				8CC035072C33FFE500A580CA /* ArtifyAppUITests.xctest */,
			);
			name = Products;
			sourceTree = "<group>";
		};
		8CC034E92C33FFE100A580CA /* ArtifyApp */ = {
			isa = PBXGroup;
			children = (
				8CCD4B182C35F73B0003D7C0 /* Managers */,
				8CC0351E2C34003600A580CA /* Models */,
				8CC035202C34004A00A580CA /* Networking */,
				8CC0351C2C34000E00A580CA /* Helpers */,
				8CC0351F2C34004300A580CA /* Modules */,
			);
			path = ArtifyApp;
			sourceTree = "<group>";
		};
		8CC035002C33FFE500A580CA /* ArtifyAppTests */ = {
			isa = PBXGroup;
			children = (
				8CC035012C33FFE500A580CA /* ArtifyAppTests.swift */,
			);
			path = ArtifyAppTests;
			sourceTree = "<group>";
		};
		8CC0350A2C33FFE500A580CA /* ArtifyAppUITests */ = {
			isa = PBXGroup;
			children = (
				8CC0350B2C33FFE500A580CA /* ArtifyAppUITests.swift */,
				8CC0350D2C33FFE500A580CA /* ArtifyAppUITestsLaunchTests.swift */,
			);
			path = ArtifyAppUITests;
			sourceTree = "<group>";
		};
		8CC0351A2C33FFFF00A580CA /* Application */ = {
			isa = PBXGroup;
			children = (
				8CC034EA2C33FFE100A580CA /* AppDelegate.swift */,
				8CC034EC2C33FFE100A580CA /* SceneDelegate.swift */,
			);
			name = Application;
			path = ArtifyApp/Application;
			sourceTree = "<group>";
		};
		8CC0351B2C34000700A580CA /* Assets */ = {
			isa = PBXGroup;
			children = (
				8CC034F32C33FFE400A580CA /* Assets.xcassets */,
				8CC034F52C33FFE400A580CA /* LaunchScreen.storyboard */,
				8CC034F82C33FFE400A580CA /* Info.plist */,
			);
			name = Assets;
			path = ArtifyApp/Assets;
			sourceTree = "<group>";
		};
		8CC0351C2C34000E00A580CA /* Helpers */ = {
			isa = PBXGroup;
			children = (
				8C9FEACD2C3405900046D492 /* UIViewController+Extensions.swift */,
				8C9FEACF2C34059A0046D492 /* Constants.swift */,
			);
			path = Helpers;
			sourceTree = "<group>";
		};
		8CC0351D2C34001F00A580CA /* KeycahainManager */ = {
			isa = PBXGroup;
			children = (
				8C9FEABF2C34052A0046D492 /* KeychainHelper.swift */,
				8C9FEAC12C3405360046D492 /* KeychainManager.swift */,
			);
			path = KeycahainManager;
			sourceTree = "<group>";
		};
		8CC0351E2C34003600A580CA /* Models */ = {
			isa = PBXGroup;
			children = (
				8C9FEAC32C3405410046D492 /* ImageError.swift */,
				8C9FEAC52C34054B0046D492 /* ImageModel.swift */,
				8CCD4B142C35E4DD0003D7C0 /* StylesModel.swift */,
			);
			path = Models;
			sourceTree = "<group>";
		};
		8CC0351F2C34004300A580CA /* Modules */ = {
			isa = PBXGroup;
			children = (
				8C9FEABC2C3404F00046D492 /* WelcomeModule */,
				8C9FEAB72C3402400046D492 /* ApplicationModule */,
			);
			path = Modules;
			sourceTree = "<group>";
		};
		8CC035202C34004A00A580CA /* Networking */ = {
			isa = PBXGroup;
			children = (
				8C9FEAC72C3405710046D492 /* APIService.swift */,
				8C9FEAC92C34057A0046D492 /* Endpoint.swift */,
				8C9FEACB2C3405850046D492 /* HTTP.swift */,
			);
			path = Networking;
			sourceTree = "<group>";
		};
		8CCD4B182C35F73B0003D7C0 /* Managers */ = {
			isa = PBXGroup;
			children = (
				8CCD4B1A2C35F7590003D7C0 /* PhotoLibraryManager.swift */,
				8CCD4B1D2C36AD0F0003D7C0 /* AlertManager.swift */,
				8C9FEAEA2C34298B0046D492 /* CoreDataManager */,
				8CC0351D2C34001F00A580CA /* KeycahainManager */,
			);
			path = Managers;
			sourceTree = "<group>";
		};
		A5EC6F98F3D063EAABAC26DB /* Frameworks */ = {
			isa = PBXGroup;
			children = (
				C38CD96EAD7963E555394E1B /* Pods_ArtifyApp.framework */,
				1A420B5C74457BD32AE375B0 /* Pods_ArtifyAppUITests.framework */,
				52726AE281F1EB6CA0F38EA2 /* Pods_ArtifyAppTests.framework */,
			);
			name = Frameworks;
			sourceTree = "<group>";
		};
/* End PBXGroup section */

/* Begin PBXNativeTarget section */
		8CC034E62C33FFE100A580CA /* ArtifyApp */ = {
			isa = PBXNativeTarget;
			buildConfigurationList = 8CC035112C33FFE500A580CA /* Build configuration list for PBXNativeTarget "ArtifyApp" */;
			buildPhases = (
				AF674ECDE2699B812E14F50A /* [CP] Check Pods Manifest.lock */,
				8CC034E32C33FFE100A580CA /* Sources */,
				8CC034E42C33FFE100A580CA /* Frameworks */,
				8CC034E52C33FFE100A580CA /* Resources */,
				947620CEBF206F1EC3ADF2BA /* [CP] Embed Pods Frameworks */,
			);
			buildRules = (
			);
			dependencies = (
			);
			name = ArtifyApp;
			productName = ArtifyApp;
			productReference = 8CC034E72C33FFE100A580CA /* ArtifyApp.app */;
			productType = "com.apple.product-type.application";
		};
		8CC034FC2C33FFE500A580CA /* ArtifyAppTests */ = {
			isa = PBXNativeTarget;
			buildConfigurationList = 8CC035142C33FFE500A580CA /* Build configuration list for PBXNativeTarget "ArtifyAppTests" */;
			buildPhases = (
				C5251B60C2F2326D29FD2472 /* [CP] Check Pods Manifest.lock */,
				8CC034F92C33FFE500A580CA /* Sources */,
				8CC034FA2C33FFE500A580CA /* Frameworks */,
				8CC034FB2C33FFE500A580CA /* Resources */,
				3B0E447D66DD183454EF3959 /* [CP] Embed Pods Frameworks */,
				8C01998C2C35DDBF00966D94 /* Embed Frameworks */,
			);
			buildRules = (
			);
			dependencies = (
				8CC034FF2C33FFE500A580CA /* PBXTargetDependency */,
			);
			name = ArtifyAppTests;
			productName = ArtifyAppTests;
			productReference = 8CC034FD2C33FFE500A580CA /* ArtifyAppTests.xctest */;
			productType = "com.apple.product-type.bundle.unit-test";
		};
		8CC035062C33FFE500A580CA /* ArtifyAppUITests */ = {
			isa = PBXNativeTarget;
			buildConfigurationList = 8CC035172C33FFE500A580CA /* Build configuration list for PBXNativeTarget "ArtifyAppUITests" */;
			buildPhases = (
				7060DE4E64220A66FDB929D4 /* [CP] Check Pods Manifest.lock */,
				8CC035032C33FFE500A580CA /* Sources */,
				8CC035042C33FFE500A580CA /* Frameworks */,
				8CC035052C33FFE500A580CA /* Resources */,
				F6BA9F674340A31E4F9C34DD /* [CP] Embed Pods Frameworks */,
			);
			buildRules = (
			);
			dependencies = (
				8CC035092C33FFE500A580CA /* PBXTargetDependency */,
			);
			name = ArtifyAppUITests;
			productName = ArtifyAppUITests;
			productReference = 8CC035072C33FFE500A580CA /* ArtifyAppUITests.xctest */;
			productType = "com.apple.product-type.bundle.ui-testing";
		};
/* End PBXNativeTarget section */

/* Begin PBXProject section */
		8CC034DF2C33FFE100A580CA /* Project object */ = {
			isa = PBXProject;
			attributes = {
				BuildIndependentTargetsInParallel = 1;
				LastSwiftUpdateCheck = 1540;
				LastUpgradeCheck = 1540;
				TargetAttributes = {
					8CC034E62C33FFE100A580CA = {
						CreatedOnToolsVersion = 15.4;
					};
					8CC034FC2C33FFE500A580CA = {
						CreatedOnToolsVersion = 15.4;
						TestTargetID = 8CC034E62C33FFE100A580CA;
					};
					8CC035062C33FFE500A580CA = {
						CreatedOnToolsVersion = 15.4;
						TestTargetID = 8CC034E62C33FFE100A580CA;
					};
				};
			};
			buildConfigurationList = 8CC034E22C33FFE100A580CA /* Build configuration list for PBXProject "ArtifyApp" */;
			compatibilityVersion = "Xcode 14.0";
			developmentRegion = en;
			hasScannedForEncodings = 0;
			knownRegions = (
				en,
				Base,
			);
			mainGroup = 8CC034DE2C33FFE100A580CA;
			productRefGroup = 8CC034E82C33FFE100A580CA /* Products */;
			projectDirPath = "";
			projectRoot = "";
			targets = (
				8CC034E62C33FFE100A580CA /* ArtifyApp */,
				8CC034FC2C33FFE500A580CA /* ArtifyAppTests */,
				8CC035062C33FFE500A580CA /* ArtifyAppUITests */,
			);
		};
/* End PBXProject section */

/* Begin PBXResourcesBuildPhase section */
		8CC034E52C33FFE100A580CA /* Resources */ = {
			isa = PBXResourcesBuildPhase;
			buildActionMask = 2147483647;
			files = (
				8CC034F42C33FFE400A580CA /* Assets.xcassets in Resources */,
				8CC034F72C33FFE400A580CA /* Base in Resources */,
			);
			runOnlyForDeploymentPostprocessing = 0;
		};
		8CC034FB2C33FFE500A580CA /* Resources */ = {
			isa = PBXResourcesBuildPhase;
			buildActionMask = 2147483647;
			files = (
			);
			runOnlyForDeploymentPostprocessing = 0;
		};
		8CC035052C33FFE500A580CA /* Resources */ = {
			isa = PBXResourcesBuildPhase;
			buildActionMask = 2147483647;
			files = (
			);
			runOnlyForDeploymentPostprocessing = 0;
		};
/* End PBXResourcesBuildPhase section */

/* Begin PBXShellScriptBuildPhase section */
		3B0E447D66DD183454EF3959 /* [CP] Embed Pods Frameworks */ = {
			isa = PBXShellScriptBuildPhase;
			buildActionMask = 2147483647;
			files = (
			);
			inputFileListPaths = (
				"${PODS_ROOT}/Target Support Files/Pods-ArtifyAppTests/Pods-ArtifyAppTests-frameworks-${CONFIGURATION}-input-files.xcfilelist",
			);
			name = "[CP] Embed Pods Frameworks";
			outputFileListPaths = (
				"${PODS_ROOT}/Target Support Files/Pods-ArtifyAppTests/Pods-ArtifyAppTests-frameworks-${CONFIGURATION}-output-files.xcfilelist",
			);
			runOnlyForDeploymentPostprocessing = 0;
			shellPath = /bin/sh;
			shellScript = "\"${PODS_ROOT}/Target Support Files/Pods-ArtifyAppTests/Pods-ArtifyAppTests-frameworks.sh\"\n";
			showEnvVarsInLog = 0;
		};
		7060DE4E64220A66FDB929D4 /* [CP] Check Pods Manifest.lock */ = {
			isa = PBXShellScriptBuildPhase;
			buildActionMask = 2147483647;
			files = (
			);
			inputFileListPaths = (
			);
			inputPaths = (
				"${PODS_PODFILE_DIR_PATH}/Podfile.lock",
				"${PODS_ROOT}/Manifest.lock",
			);
			name = "[CP] Check Pods Manifest.lock";
			outputFileListPaths = (
			);
			outputPaths = (
				"$(DERIVED_FILE_DIR)/Pods-ArtifyAppUITests-checkManifestLockResult.txt",
			);
			runOnlyForDeploymentPostprocessing = 0;
			shellPath = /bin/sh;
			shellScript = "diff \"${PODS_PODFILE_DIR_PATH}/Podfile.lock\" \"${PODS_ROOT}/Manifest.lock\" > /dev/null\nif [ $? != 0 ] ; then\n    # print error to STDERR\n    echo \"error: The sandbox is not in sync with the Podfile.lock. Run 'pod install' or update your CocoaPods installation.\" >&2\n    exit 1\nfi\n# This output is used by Xcode 'outputs' to avoid re-running this script phase.\necho \"SUCCESS\" > \"${SCRIPT_OUTPUT_FILE_0}\"\n";
			showEnvVarsInLog = 0;
		};
		947620CEBF206F1EC3ADF2BA /* [CP] Embed Pods Frameworks */ = {
			isa = PBXShellScriptBuildPhase;
			buildActionMask = 2147483647;
			files = (
			);
			inputFileListPaths = (
				"${PODS_ROOT}/Target Support Files/Pods-ArtifyApp/Pods-ArtifyApp-frameworks-${CONFIGURATION}-input-files.xcfilelist",
			);
			name = "[CP] Embed Pods Frameworks";
			outputFileListPaths = (
				"${PODS_ROOT}/Target Support Files/Pods-ArtifyApp/Pods-ArtifyApp-frameworks-${CONFIGURATION}-output-files.xcfilelist",
			);
			runOnlyForDeploymentPostprocessing = 0;
			shellPath = /bin/sh;
			shellScript = "\"${PODS_ROOT}/Target Support Files/Pods-ArtifyApp/Pods-ArtifyApp-frameworks.sh\"\n";
			showEnvVarsInLog = 0;
		};
		AF674ECDE2699B812E14F50A /* [CP] Check Pods Manifest.lock */ = {
			isa = PBXShellScriptBuildPhase;
			buildActionMask = 2147483647;
			files = (
			);
			inputFileListPaths = (
			);
			inputPaths = (
				"${PODS_PODFILE_DIR_PATH}/Podfile.lock",
				"${PODS_ROOT}/Manifest.lock",
			);
			name = "[CP] Check Pods Manifest.lock";
			outputFileListPaths = (
			);
			outputPaths = (
				"$(DERIVED_FILE_DIR)/Pods-ArtifyApp-checkManifestLockResult.txt",
			);
			runOnlyForDeploymentPostprocessing = 0;
			shellPath = /bin/sh;
			shellScript = "diff \"${PODS_PODFILE_DIR_PATH}/Podfile.lock\" \"${PODS_ROOT}/Manifest.lock\" > /dev/null\nif [ $? != 0 ] ; then\n    # print error to STDERR\n    echo \"error: The sandbox is not in sync with the Podfile.lock. Run 'pod install' or update your CocoaPods installation.\" >&2\n    exit 1\nfi\n# This output is used by Xcode 'outputs' to avoid re-running this script phase.\necho \"SUCCESS\" > \"${SCRIPT_OUTPUT_FILE_0}\"\n";
			showEnvVarsInLog = 0;
		};
		C5251B60C2F2326D29FD2472 /* [CP] Check Pods Manifest.lock */ = {
			isa = PBXShellScriptBuildPhase;
			buildActionMask = 2147483647;
			files = (
			);
			inputFileListPaths = (
			);
			inputPaths = (
				"${PODS_PODFILE_DIR_PATH}/Podfile.lock",
				"${PODS_ROOT}/Manifest.lock",
			);
			name = "[CP] Check Pods Manifest.lock";
			outputFileListPaths = (
			);
			outputPaths = (
				"$(DERIVED_FILE_DIR)/Pods-ArtifyAppTests-checkManifestLockResult.txt",
			);
			runOnlyForDeploymentPostprocessing = 0;
			shellPath = /bin/sh;
			shellScript = "diff \"${PODS_PODFILE_DIR_PATH}/Podfile.lock\" \"${PODS_ROOT}/Manifest.lock\" > /dev/null\nif [ $? != 0 ] ; then\n    # print error to STDERR\n    echo \"error: The sandbox is not in sync with the Podfile.lock. Run 'pod install' or update your CocoaPods installation.\" >&2\n    exit 1\nfi\n# This output is used by Xcode 'outputs' to avoid re-running this script phase.\necho \"SUCCESS\" > \"${SCRIPT_OUTPUT_FILE_0}\"\n";
			showEnvVarsInLog = 0;
		};
		F6BA9F674340A31E4F9C34DD /* [CP] Embed Pods Frameworks */ = {
			isa = PBXShellScriptBuildPhase;
			buildActionMask = 2147483647;
			files = (
			);
			inputFileListPaths = (
				"${PODS_ROOT}/Target Support Files/Pods-ArtifyAppUITests/Pods-ArtifyAppUITests-frameworks-${CONFIGURATION}-input-files.xcfilelist",
			);
			name = "[CP] Embed Pods Frameworks";
			outputFileListPaths = (
				"${PODS_ROOT}/Target Support Files/Pods-ArtifyAppUITests/Pods-ArtifyAppUITests-frameworks-${CONFIGURATION}-output-files.xcfilelist",
			);
			runOnlyForDeploymentPostprocessing = 0;
			shellPath = /bin/sh;
			shellScript = "\"${PODS_ROOT}/Target Support Files/Pods-ArtifyAppUITests/Pods-ArtifyAppUITests-frameworks.sh\"\n";
			showEnvVarsInLog = 0;
		};
/* End PBXShellScriptBuildPhase section */

/* Begin PBXSourcesBuildPhase section */
		8CC034E32C33FFE100A580CA /* Sources */ = {
			isa = PBXSourcesBuildPhase;
			buildActionMask = 2147483647;
			files = (
				8CCD4B1E2C36AD0F0003D7C0 /* AlertManager.swift in Sources */,
				8CCD4B1B2C35F7590003D7C0 /* PhotoLibraryManager.swift in Sources */,
				8C89B07C2C3BF9BB00801545 /* CoreData.xcdatamodeld in Sources */,
				8C9FEAD42C3405B50046D492 /* GaleryViewController.swift in Sources */,
				8CC034EF2C33FFE100A580CA /* MainViewController.swift in Sources */,
				8C9FEAC22C3405360046D492 /* KeychainManager.swift in Sources */,
				8C39AD8E2C3C7C4C007C26C7 /* HistoryCell.swift in Sources */,
				8CC034EB2C33FFE100A580CA /* AppDelegate.swift in Sources */,
				8C15EAAA2C3B349F003461D8 /* HistoryViewController.swift in Sources */,
				8C9FEABE2C3405100046D492 /* MainTabBarController.swift in Sources */,
				8C89B0842C3C066900801545 /* HistoryScreenViewModel.swift in Sources */,
				8C9FEAE92C3417680046D492 /* RotatingCirclesActivityView.swift in Sources */,
				8C9FEACE2C3405900046D492 /* UIViewController+Extensions.swift in Sources */,
				8C9FEAE42C34061E0046D492 /* GeneratedImageViewController.swift in Sources */,
				8C9FEACC2C3405850046D492 /* HTTP.swift in Sources */,
				8C9FEADD2C3405F70046D492 /* MainScreenViewModel.swift in Sources */,
				8C89B0822C3C01A400801545 /* CoreDataManager.swift in Sources */,
				8C9FEACA2C34057A0046D492 /* Endpoint.swift in Sources */,
				8C9FEAD92C3405D20046D492 /* HelpUsViewController.swift in Sources */,
				8C9FEAE12C34060B0046D492 /* StylesCell.swift in Sources */,
				8C9FEADB2C3405DA0046D492 /* SubscribeViewController.swift in Sources */,
				8C9FEAE62C3408DE0046D492 /* LoadingViewController.swift in Sources */,
				8C9FEAD02C34059A0046D492 /* Constants.swift in Sources */,
				8C9FEAC42C3405410046D492 /* ImageError.swift in Sources */,
				8C9FEAD72C3405C40046D492 /* WebViewer.swift in Sources */,
				8C9FEAC02C34052A0046D492 /* KeychainHelper.swift in Sources */,
				8C9FEAF72C3569B20046D492 /* DetailScreenViewModel.swift in Sources */,
				8C9FEADF2C3406020046D492 /* PromtView.swift in Sources */,
				8CC034ED2C33FFE100A580CA /* SceneDelegate.swift in Sources */,
				8C89B07F2C3BFA2200801545 /* Image+CoreDataClass.swift in Sources */,
				8CCD4B152C35E4DD0003D7C0 /* StylesModel.swift in Sources */,
				8C9FEAC82C3405710046D492 /* APIService.swift in Sources */,
				8C9FEAC62C34054B0046D492 /* ImageModel.swift in Sources */,
				8C9FEAD22C3405A90046D492 /* WelcomeViewController.swift in Sources */,
			);
			runOnlyForDeploymentPostprocessing = 0;
		};
		8CC034F92C33FFE500A580CA /* Sources */ = {
			isa = PBXSourcesBuildPhase;
			buildActionMask = 2147483647;
			files = (
				8CC035022C33FFE500A580CA /* ArtifyAppTests.swift in Sources */,
			);
			runOnlyForDeploymentPostprocessing = 0;
		};
		8CC035032C33FFE500A580CA /* Sources */ = {
			isa = PBXSourcesBuildPhase;
			buildActionMask = 2147483647;
			files = (
				8CC0350C2C33FFE500A580CA /* ArtifyAppUITests.swift in Sources */,
				8CC0350E2C33FFE500A580CA /* ArtifyAppUITestsLaunchTests.swift in Sources */,
			);
			runOnlyForDeploymentPostprocessing = 0;
		};
/* End PBXSourcesBuildPhase section */

/* Begin PBXTargetDependency section */
		8CC034FF2C33FFE500A580CA /* PBXTargetDependency */ = {
			isa = PBXTargetDependency;
			target = 8CC034E62C33FFE100A580CA /* ArtifyApp */;
			targetProxy = 8CC034FE2C33FFE500A580CA /* PBXContainerItemProxy */;
		};
		8CC035092C33FFE500A580CA /* PBXTargetDependency */ = {
			isa = PBXTargetDependency;
			target = 8CC034E62C33FFE100A580CA /* ArtifyApp */;
			targetProxy = 8CC035082C33FFE500A580CA /* PBXContainerItemProxy */;
		};
/* End PBXTargetDependency section */

/* Begin PBXVariantGroup section */
		8CC034F52C33FFE400A580CA /* LaunchScreen.storyboard */ = {
			isa = PBXVariantGroup;
			children = (
				8CC034F62C33FFE400A580CA /* Base */,
			);
			name = LaunchScreen.storyboard;
			sourceTree = "<group>";
		};
/* End PBXVariantGroup section */

/* Begin XCBuildConfiguration section */
		8CC0350F2C33FFE500A580CA /* Debug */ = {
			isa = XCBuildConfiguration;
			buildSettings = {
				ALWAYS_EMBED_SWIFT_STANDARD_LIBRARIES = "$(inherited)";
				ALWAYS_SEARCH_USER_PATHS = NO;
				ASSETCATALOG_COMPILER_GENERATE_SWIFT_ASSET_SYMBOL_EXTENSIONS = YES;
				CLANG_ANALYZER_NONNULL = YES;
				CLANG_ANALYZER_NUMBER_OBJECT_CONVERSION = YES_AGGRESSIVE;
				CLANG_CXX_LANGUAGE_STANDARD = "gnu++20";
				CLANG_ENABLE_MODULES = YES;
				CLANG_ENABLE_OBJC_ARC = YES;
				CLANG_ENABLE_OBJC_WEAK = YES;
				CLANG_WARN_BLOCK_CAPTURE_AUTORELEASING = YES;
				CLANG_WARN_BOOL_CONVERSION = YES;
				CLANG_WARN_COMMA = YES;
				CLANG_WARN_CONSTANT_CONVERSION = YES;
				CLANG_WARN_DEPRECATED_OBJC_IMPLEMENTATIONS = YES;
				CLANG_WARN_DIRECT_OBJC_ISA_USAGE = YES_ERROR;
				CLANG_WARN_DOCUMENTATION_COMMENTS = YES;
				CLANG_WARN_EMPTY_BODY = YES;
				CLANG_WARN_ENUM_CONVERSION = YES;
				CLANG_WARN_INFINITE_RECURSION = YES;
				CLANG_WARN_INT_CONVERSION = YES;
				CLANG_WARN_NON_LITERAL_NULL_CONVERSION = YES;
				CLANG_WARN_OBJC_IMPLICIT_RETAIN_SELF = YES;
				CLANG_WARN_OBJC_LITERAL_CONVERSION = YES;
				CLANG_WARN_OBJC_ROOT_CLASS = YES_ERROR;
				CLANG_WARN_QUOTED_INCLUDE_IN_FRAMEWORK_HEADER = YES;
				CLANG_WARN_RANGE_LOOP_ANALYSIS = YES;
				CLANG_WARN_STRICT_PROTOTYPES = YES;
				CLANG_WARN_SUSPICIOUS_MOVE = YES;
				CLANG_WARN_UNGUARDED_AVAILABILITY = YES_AGGRESSIVE;
				CLANG_WARN_UNREACHABLE_CODE = YES;
				CLANG_WARN__DUPLICATE_METHOD_MATCH = YES;
				COPY_PHASE_STRIP = NO;
				DEBUG_INFORMATION_FORMAT = dwarf;
				ENABLE_STRICT_OBJC_MSGSEND = YES;
				ENABLE_TESTABILITY = YES;
				ENABLE_USER_SCRIPT_SANDBOXING = NO;
				GCC_C_LANGUAGE_STANDARD = gnu17;
				GCC_DYNAMIC_NO_PIC = NO;
				GCC_NO_COMMON_BLOCKS = YES;
				GCC_OPTIMIZATION_LEVEL = 0;
				GCC_PREPROCESSOR_DEFINITIONS = (
					"DEBUG=1",
					"$(inherited)",
				);
				GCC_WARN_64_TO_32_BIT_CONVERSION = YES;
				GCC_WARN_ABOUT_RETURN_TYPE = YES_ERROR;
				GCC_WARN_UNDECLARED_SELECTOR = YES;
				GCC_WARN_UNINITIALIZED_AUTOS = YES_AGGRESSIVE;
				GCC_WARN_UNUSED_FUNCTION = YES;
				GCC_WARN_UNUSED_VARIABLE = YES;
				IPHONEOS_DEPLOYMENT_TARGET = 17.0;
				LOCALIZATION_PREFERS_STRING_CATALOGS = YES;
				MTL_ENABLE_DEBUG_INFO = INCLUDE_SOURCE;
				MTL_FAST_MATH = YES;
				ONLY_ACTIVE_ARCH = YES;
				SDKROOT = iphoneos;
				SWIFT_ACTIVE_COMPILATION_CONDITIONS = "DEBUG $(inherited)";
				SWIFT_OPTIMIZATION_LEVEL = "-Onone";
			};
			name = Debug;
		};
		8CC035102C33FFE500A580CA /* Release */ = {
			isa = XCBuildConfiguration;
			buildSettings = {
				ALWAYS_EMBED_SWIFT_STANDARD_LIBRARIES = "$(inherited)";
				ALWAYS_SEARCH_USER_PATHS = NO;
				ASSETCATALOG_COMPILER_GENERATE_SWIFT_ASSET_SYMBOL_EXTENSIONS = YES;
				CLANG_ANALYZER_NONNULL = YES;
				CLANG_ANALYZER_NUMBER_OBJECT_CONVERSION = YES_AGGRESSIVE;
				CLANG_CXX_LANGUAGE_STANDARD = "gnu++20";
				CLANG_ENABLE_MODULES = YES;
				CLANG_ENABLE_OBJC_ARC = YES;
				CLANG_ENABLE_OBJC_WEAK = YES;
				CLANG_WARN_BLOCK_CAPTURE_AUTORELEASING = YES;
				CLANG_WARN_BOOL_CONVERSION = YES;
				CLANG_WARN_COMMA = YES;
				CLANG_WARN_CONSTANT_CONVERSION = YES;
				CLANG_WARN_DEPRECATED_OBJC_IMPLEMENTATIONS = YES;
				CLANG_WARN_DIRECT_OBJC_ISA_USAGE = YES_ERROR;
				CLANG_WARN_DOCUMENTATION_COMMENTS = YES;
				CLANG_WARN_EMPTY_BODY = YES;
				CLANG_WARN_ENUM_CONVERSION = YES;
				CLANG_WARN_INFINITE_RECURSION = YES;
				CLANG_WARN_INT_CONVERSION = YES;
				CLANG_WARN_NON_LITERAL_NULL_CONVERSION = YES;
				CLANG_WARN_OBJC_IMPLICIT_RETAIN_SELF = YES;
				CLANG_WARN_OBJC_LITERAL_CONVERSION = YES;
				CLANG_WARN_OBJC_ROOT_CLASS = YES_ERROR;
				CLANG_WARN_QUOTED_INCLUDE_IN_FRAMEWORK_HEADER = YES;
				CLANG_WARN_RANGE_LOOP_ANALYSIS = YES;
				CLANG_WARN_STRICT_PROTOTYPES = YES;
				CLANG_WARN_SUSPICIOUS_MOVE = YES;
				CLANG_WARN_UNGUARDED_AVAILABILITY = YES_AGGRESSIVE;
				CLANG_WARN_UNREACHABLE_CODE = YES;
				CLANG_WARN__DUPLICATE_METHOD_MATCH = YES;
				COPY_PHASE_STRIP = NO;
				DEBUG_INFORMATION_FORMAT = "dwarf-with-dsym";
				ENABLE_NS_ASSERTIONS = NO;
				ENABLE_STRICT_OBJC_MSGSEND = YES;
				ENABLE_USER_SCRIPT_SANDBOXING = NO;
				GCC_C_LANGUAGE_STANDARD = gnu17;
				GCC_NO_COMMON_BLOCKS = YES;
				GCC_WARN_64_TO_32_BIT_CONVERSION = YES;
				GCC_WARN_ABOUT_RETURN_TYPE = YES_ERROR;
				GCC_WARN_UNDECLARED_SELECTOR = YES;
				GCC_WARN_UNINITIALIZED_AUTOS = YES_AGGRESSIVE;
				GCC_WARN_UNUSED_FUNCTION = YES;
				GCC_WARN_UNUSED_VARIABLE = YES;
				IPHONEOS_DEPLOYMENT_TARGET = 17.0;
				LOCALIZATION_PREFERS_STRING_CATALOGS = YES;
				MTL_ENABLE_DEBUG_INFO = NO;
				MTL_FAST_MATH = YES;
				SDKROOT = iphoneos;
				SWIFT_COMPILATION_MODE = wholemodule;
				VALIDATE_PRODUCT = YES;
			};
			name = Release;
		};
		8CC035122C33FFE500A580CA /* Debug */ = {
			isa = XCBuildConfiguration;
			baseConfigurationReference = BAEE401FDF388FAF5FA670A5 /* Pods-ArtifyApp.debug.xcconfig */;
			buildSettings = {
				ASSETCATALOG_COMPILER_APPICON_NAME = AppIcon;
				ASSETCATALOG_COMPILER_GLOBAL_ACCENT_COLOR_NAME = AccentColor;
				CODE_SIGN_STYLE = Automatic;
				CURRENT_PROJECT_VERSION = 1;
				DEVELOPMENT_TEAM = B8GS4783WX;
				GENERATE_INFOPLIST_FILE = YES;
				INFOPLIST_FILE = ArtifyApp/Assets/Info.plist;
				INFOPLIST_KEY_UIApplicationSupportsIndirectInputEvents = YES;
				INFOPLIST_KEY_UILaunchStoryboardName = LaunchScreen;
				INFOPLIST_KEY_UISupportedInterfaceOrientations_iPad = "UIInterfaceOrientationPortrait UIInterfaceOrientationPortraitUpsideDown UIInterfaceOrientationLandscapeLeft UIInterfaceOrientationLandscapeRight";
				INFOPLIST_KEY_UISupportedInterfaceOrientations_iPhone = "UIInterfaceOrientationPortrait UIInterfaceOrientationLandscapeLeft UIInterfaceOrientationLandscapeRight";
				IPHONEOS_DEPLOYMENT_TARGET = 17.0;
				LD_RUNPATH_SEARCH_PATHS = (
					"$(inherited)",
					"@executable_path/Frameworks",
				);
				MARKETING_VERSION = 1.0;
				PRODUCT_BUNDLE_IDENTIFIER = personal.ArtifyApp;
				PRODUCT_NAME = "$(TARGET_NAME)";
				SUPPORTED_PLATFORMS = "iphoneos iphonesimulator";
				SUPPORTS_MACCATALYST = NO;
				SUPPORTS_MAC_DESIGNED_FOR_IPHONE_IPAD = NO;
				SUPPORTS_XR_DESIGNED_FOR_IPHONE_IPAD = NO;
				SWIFT_EMIT_LOC_STRINGS = YES;
				SWIFT_VERSION = 5.0;
				TARGETED_DEVICE_FAMILY = 1;
			};
			name = Debug;
		};
		8CC035132C33FFE500A580CA /* Release */ = {
			isa = XCBuildConfiguration;
			baseConfigurationReference = 7E055212ACF5B944354D99DC /* Pods-ArtifyApp.release.xcconfig */;
			buildSettings = {
				ASSETCATALOG_COMPILER_APPICON_NAME = AppIcon;
				ASSETCATALOG_COMPILER_GLOBAL_ACCENT_COLOR_NAME = AccentColor;
				CODE_SIGN_STYLE = Automatic;
				CURRENT_PROJECT_VERSION = 1;
				DEVELOPMENT_TEAM = B8GS4783WX;
				GENERATE_INFOPLIST_FILE = YES;
				INFOPLIST_FILE = ArtifyApp/Assets/Info.plist;
				INFOPLIST_KEY_UIApplicationSupportsIndirectInputEvents = YES;
				INFOPLIST_KEY_UILaunchStoryboardName = LaunchScreen;
				INFOPLIST_KEY_UISupportedInterfaceOrientations_iPad = "UIInterfaceOrientationPortrait UIInterfaceOrientationPortraitUpsideDown UIInterfaceOrientationLandscapeLeft UIInterfaceOrientationLandscapeRight";
				INFOPLIST_KEY_UISupportedInterfaceOrientations_iPhone = "UIInterfaceOrientationPortrait UIInterfaceOrientationLandscapeLeft UIInterfaceOrientationLandscapeRight";
				IPHONEOS_DEPLOYMENT_TARGET = 17.0;
				LD_RUNPATH_SEARCH_PATHS = (
					"$(inherited)",
					"@executable_path/Frameworks",
				);
				MARKETING_VERSION = 1.0;
				PRODUCT_BUNDLE_IDENTIFIER = personal.ArtifyApp;
				PRODUCT_NAME = "$(TARGET_NAME)";
				SUPPORTED_PLATFORMS = "iphoneos iphonesimulator";
				SUPPORTS_MACCATALYST = NO;
				SUPPORTS_MAC_DESIGNED_FOR_IPHONE_IPAD = NO;
				SUPPORTS_XR_DESIGNED_FOR_IPHONE_IPAD = NO;
				SWIFT_EMIT_LOC_STRINGS = YES;
				SWIFT_VERSION = 5.0;
				TARGETED_DEVICE_FAMILY = 1;
			};
			name = Release;
		};
		8CC035152C33FFE500A580CA /* Debug */ = {
			isa = XCBuildConfiguration;
			baseConfigurationReference = 3B57F42203ACE69455FF9D8A /* Pods-ArtifyAppTests.debug.xcconfig */;
			buildSettings = {
				BUNDLE_LOADER = "$(TEST_HOST)";
				CODE_SIGN_STYLE = Automatic;
				CURRENT_PROJECT_VERSION = 1;
				DEVELOPMENT_TEAM = B8GS4783WX;
				GENERATE_INFOPLIST_FILE = YES;
				IPHONEOS_DEPLOYMENT_TARGET = 16.0;
				MARKETING_VERSION = 1.0;
				PRODUCT_BUNDLE_IDENTIFIER = personal.ArtifyAppTests;
				PRODUCT_NAME = "$(TARGET_NAME)";
				SWIFT_EMIT_LOC_STRINGS = NO;
				SWIFT_VERSION = 5.0;
				TARGETED_DEVICE_FAMILY = "1,2";
				TEST_HOST = "$(BUILT_PRODUCTS_DIR)/ArtifyApp.app/$(BUNDLE_EXECUTABLE_FOLDER_PATH)/ArtifyApp";
			};
			name = Debug;
		};
		8CC035162C33FFE500A580CA /* Release */ = {
			isa = XCBuildConfiguration;
			baseConfigurationReference = A8D0A53C78666B7DEB923480 /* Pods-ArtifyAppTests.release.xcconfig */;
			buildSettings = {
				BUNDLE_LOADER = "$(TEST_HOST)";
				CODE_SIGN_STYLE = Automatic;
				CURRENT_PROJECT_VERSION = 1;
				DEVELOPMENT_TEAM = B8GS4783WX;
				GENERATE_INFOPLIST_FILE = YES;
				IPHONEOS_DEPLOYMENT_TARGET = 16.0;
				MARKETING_VERSION = 1.0;
				PRODUCT_BUNDLE_IDENTIFIER = personal.ArtifyAppTests;
				PRODUCT_NAME = "$(TARGET_NAME)";
				SWIFT_EMIT_LOC_STRINGS = NO;
				SWIFT_VERSION = 5.0;
				TARGETED_DEVICE_FAMILY = "1,2";
				TEST_HOST = "$(BUILT_PRODUCTS_DIR)/ArtifyApp.app/$(BUNDLE_EXECUTABLE_FOLDER_PATH)/ArtifyApp";
			};
			name = Release;
		};
		8CC035182C33FFE500A580CA /* Debug */ = {
			isa = XCBuildConfiguration;
			baseConfigurationReference = 45C6E1EEDDC73E0238EF1677 /* Pods-ArtifyAppUITests.debug.xcconfig */;
			buildSettings = {
				CODE_SIGN_STYLE = Automatic;
				CURRENT_PROJECT_VERSION = 1;
				DEVELOPMENT_TEAM = B8GS4783WX;
				GENERATE_INFOPLIST_FILE = YES;
				MARKETING_VERSION = 1.0;
				PRODUCT_BUNDLE_IDENTIFIER = personal.ArtifyAppUITests;
				"PRODUCT_BUNDLE_IDENTIFIER[sdk=iphoneos*]" = self;
				PRODUCT_NAME = "$(TARGET_NAME)";
				PROVISIONING_PROFILE = "";
				SWIFT_EMIT_LOC_STRINGS = NO;
				SWIFT_VERSION = 5.0;
				TARGETED_DEVICE_FAMILY = "1,2";
				TEST_TARGET_NAME = ArtifyApp;
			};
			name = Debug;
		};
		8CC035192C33FFE500A580CA /* Release */ = {
			isa = XCBuildConfiguration;
			baseConfigurationReference = 9C79085D5579EE79A4890345 /* Pods-ArtifyAppUITests.release.xcconfig */;
			buildSettings = {
				CODE_SIGN_STYLE = Automatic;
				CURRENT_PROJECT_VERSION = 1;
				DEVELOPMENT_TEAM = B8GS4783WX;
				GENERATE_INFOPLIST_FILE = YES;
				MARKETING_VERSION = 1.0;
				PRODUCT_BUNDLE_IDENTIFIER = personal.ArtifyAppUITests;
				"PRODUCT_BUNDLE_IDENTIFIER[sdk=iphoneos*]" = self;
				PRODUCT_NAME = "$(TARGET_NAME)";
				PROVISIONING_PROFILE = "";
				SWIFT_EMIT_LOC_STRINGS = NO;
				SWIFT_VERSION = 5.0;
				TARGETED_DEVICE_FAMILY = "1,2";
				TEST_TARGET_NAME = ArtifyApp;
			};
			name = Release;
		};
/* End XCBuildConfiguration section */

/* Begin XCConfigurationList section */
		8CC034E22C33FFE100A580CA /* Build configuration list for PBXProject "ArtifyApp" */ = {
			isa = XCConfigurationList;
			buildConfigurations = (
				8CC0350F2C33FFE500A580CA /* Debug */,
				8CC035102C33FFE500A580CA /* Release */,
			);
			defaultConfigurationIsVisible = 0;
			defaultConfigurationName = Release;
		};
		8CC035112C33FFE500A580CA /* Build configuration list for PBXNativeTarget "ArtifyApp" */ = {
			isa = XCConfigurationList;
			buildConfigurations = (
				8CC035122C33FFE500A580CA /* Debug */,
				8CC035132C33FFE500A580CA /* Release */,
			);
			defaultConfigurationIsVisible = 0;
			defaultConfigurationName = Release;
		};
		8CC035142C33FFE500A580CA /* Build configuration list for PBXNativeTarget "ArtifyAppTests" */ = {
			isa = XCConfigurationList;
			buildConfigurations = (
				8CC035152C33FFE500A580CA /* Debug */,
				8CC035162C33FFE500A580CA /* Release */,
			);
			defaultConfigurationIsVisible = 0;
			defaultConfigurationName = Release;
		};
		8CC035172C33FFE500A580CA /* Build configuration list for PBXNativeTarget "ArtifyAppUITests" */ = {
			isa = XCConfigurationList;
			buildConfigurations = (
				8CC035182C33FFE500A580CA /* Debug */,
				8CC035192C33FFE500A580CA /* Release */,
			);
			defaultConfigurationIsVisible = 0;
			defaultConfigurationName = Release;
		};
/* End XCConfigurationList section */

/* Begin XCVersionGroup section */
		8C89B07A2C3BF9BB00801545 /* CoreData.xcdatamodeld */ = {
			isa = XCVersionGroup;
			children = (
				8C89B07B2C3BF9BB00801545 /* CoreData.xcdatamodel */,
			);
			currentVersion = 8C89B07B2C3BF9BB00801545 /* CoreData.xcdatamodel */;
			name = CoreData.xcdatamodeld;
			path = /Users/h8k/Documents/swift/projects/ArtifyApp/ArtifyApp/Managers/CoreDataManager/CoreData.xcdatamodeld;
			sourceTree = "<group>";
			versionGroupType = wrapper.xcdatamodel;
		};
/* End XCVersionGroup section */
	};
	rootObject = 8CC034DF2C33FFE100A580CA /* Project object */;
}
